
Microsoft Visual Studio Solution File, Format Version 12.00
# Visual Studio Version 16
VisualStudioVersion = 16.0.29709.97
MinimumVisualStudioVersion = 10.0.40219.1
Project("{9A19103F-16F7-4668-BE54-9A1E7A4F7556}") = "DbContextInterface.CodeLists.Test", "DbContextInterface.CodeLists.Test\DbContextInterface.CodeLists.Test.csproj", "{9478927B-D1C2-4176-9AAE-64BE29F8D350}"
EndProject
Project("{FAE04EC0-301F-11D3-BF4B-00C04F79EFBC}") = "DbContextInterface.CodeLists", "DbContextInterface.CodeLists\DbContextInterface.CodeLists.csproj", "{9CB7427C-FF99-4104-A56E-B5D223225605}"
EndProject
Project("{9A19103F-16F7-4668-BE54-9A1E7A4F7556}") = "EF.RepositoryPattern", "..\..\..\..\source\repos\EF.RepositoryPattern\EF.RepositoryPattern\EF.RepositoryPattern.csproj", "{9057E2C5-A026-4412-A788-82F87550AC52}"
EndProject
Global
	GlobalSection(SolutionConfigurationPlatforms) = preSolution
		Debug|Any CPU = Debug|Any CPU
		Release|Any CPU = Release|Any CPU
	EndGlobalSection
	GlobalSection(ProjectConfigurationPlatforms) = postSolution
		{9478927B-D1C2-4176-9AAE-64BE29F8D350}.Debug|Any CPU.ActiveCfg = Debug|Any CPU
		{9478927B-D1C2-4176-9AAE-64BE29F8D350}.Debug|Any CPU.Build.0 = Debug|Any CPU
		{9478927B-D1C2-4176-9AAE-64BE29F8D350}.Release|Any CPU.ActiveCfg = Release|Any CPU
		{9478927B-D1C2-4176-9AAE-64BE29F8D350}.Release|Any CPU.Build.0 = Release|Any CPU
		{9CB7427C-FF99-4104-A56E-B5D223225605}.Debug|Any CPU.ActiveCfg = Debug|Any CPU
		{9CB7427C-FF99-4104-A56E-B5D223225605}.Debug|Any CPU.Build.0 = Debug|Any CPU
		{9CB7427C-FF99-4104-A56E-B5D223225605}.Release|Any CPU.ActiveCfg = Release|Any CPU
		{9CB7427C-FF99-4104-A56E-B5D223225605}.Release|Any CPU.Build.0 = Release|Any CPU
		{9057E2C5-A026-4412-A788-82F87550AC52}.Debug|Any CPU.ActiveCfg = Debug|Any CPU
		{9057E2C5-A026-4412-A788-82F87550AC52}.Debug|Any CPU.Build.0 = Debug|Any CPU
		{9057E2C5-A026-4412-A788-82F87550AC52}.Release|Any CPU.ActiveCfg = Release|Any CPU
		{9057E2C5-A026-4412-A788-82F87550AC52}.Release|Any CPU.Build.0 = Release|Any CPU
	EndGlobalSection
	GlobalSection(SolutionProperties) = preSolution
		HideSolutionNode = FALSE
	EndGlobalSection
	GlobalSection(ExtensibilityGlobals) = postSolution
		SolutionGuid = {490AAC22-7802-4DBA-9044-A5FA2A609FD6}
	EndGlobalSection
EndGlobal
